
Microsoft Visual Studio Solution File, Format Version 12.00
# Visual Studio Version 17
VisualStudioVersion = 17.0.31903.59
MinimumVisualStudioVersion = 10.0.40219.1
Project("{9A19103F-16F7-4668-BE54-9A1E7A4F7556}") = "Infrastructure.Common", "Infrastructure.Common\Infrastructure.Common.csproj", "{A933BBB7-66CB-49F2-97BB-EE26FB922DE7}"
EndProject
Project("{2150E333-8FDC-42A3-9474-1A3956D46DE8}") = "Clients", "Clients", "{5041117D-8BF5-4128-8767-9015F7312764}"
EndProject
Project("{9A19103F-16F7-4668-BE54-9A1E7A4F7556}") = "Clients.Reconcile", "..\..\..\otc-clients-core\Sources\Clients\Clients.Reconcile\Clients.Reconcile\Clients.Reconcile.csproj", "{1880CD30-7060-4CEC-B245-1BD066A14834}"
EndProject
Project("{9A19103F-16F7-4668-BE54-9A1E7A4F7556}") = "ClientsCommon", "..\..\..\otc-clients-core\Sources\Clients\ClientsCommon\ClientsCommon.csproj", "{A8CCADCD-3E46-4D4B-96F1-837F988239D4}"
EndProject
Project("{2150E333-8FDC-42A3-9474-1A3956D46DE8}") = "CoordinationService", "CoordinationService", "{84D46C21-44AF-4C01-9F50-49CADC1D97F9}"
EndProject
Project("{9A19103F-16F7-4668-BE54-9A1E7A4F7556}") = "Infrastructure.CoordinationService", "Infrastructure.CoordinationService\Infrastructure.CoordinationService.csproj", "{B64769A5-741A-44A8-9402-E3873D1016C9}"
EndProject
Project("{9A19103F-16F7-4668-BE54-9A1E7A4F7556}") = "Infrastructure.Settings", "Infrastructure.Settings\Infrastructure.Settings.csproj", "{BA109230-4782-4456-A169-4FE07AD35DC6}"
EndProject
Project("{9A19103F-16F7-4668-BE54-9A1E7A4F7556}") = "Client.CommonSettingsService", "..\..\..\otc-clients-core\Sources\Clients\Client.CommonSettingsService\Client.CommonSettingsService.csproj", "{4CDB962F-BE34-4015-8FC4-BE36240341E9}"
EndProject
Project("{9A19103F-16F7-4668-BE54-9A1E7A4F7556}") = "Infrastructure.Domain", "Infrastructure.Domain\Infrastructure.Domain.csproj", "{DDE07DD4-DD73-48F0-979B-E2B9E828FF3E}"
EndProject
Project("{9A19103F-16F7-4668-BE54-9A1E7A4F7556}") = "Infrastructure.Domain.Data", "Infrastructure.Domain.Data\Infrastructure.Domain.Data.csproj", "{270D3221-EF11-4512-95AC-F8BE0795A31F}"
EndProject
Project("{9A19103F-16F7-4668-BE54-9A1E7A4F7556}") = "Infrastructure.Security", "Infrastructure.Security\Infrastructure.Security.csproj", "{4ACFEC7C-14E5-48CB-A881-D990B5BA388D}"
EndProject
Project("{9A19103F-16F7-4668-BE54-9A1E7A4F7556}") = "Infrastructure.Services", "Infrastructure.Services\Infrastructure.Services.csproj", "{55E2BD34-88C2-49B7-83BA-B20FA6EBE039}"
EndProject
Project("{9A19103F-16F7-4668-BE54-9A1E7A4F7556}") = "Client.CommonRegistryService", "..\..\..\otc-clients-core\Sources\Clients\Client.CommonRegistryService\Client.CommonRegistryService.csproj", "{4A5A0F85-8F01-4521-850C-00078308DB48}"
EndProject
Project("{9A19103F-16F7-4668-BE54-9A1E7A4F7556}") = "Client.CommonSecurityService", "..\..\..\otc-clients-core\Sources\Clients\Client.CommonSecurityService\Client.CommonSecurityService.csproj", "{5232558D-44D5-42E0-8D03-5C7F798CD698}"
EndProject
Project("{9A19103F-16F7-4668-BE54-9A1E7A4F7556}") = "Client.CommonFileService", "..\..\..\otc-clients-core\Sources\Clients\Client.CommonFileService\Client.CommonFileService.csproj", "{4D3A9CB8-3D5F-4A4E-BD83-74DABDCD4229}"
EndProject
Project("{9A19103F-16F7-4668-BE54-9A1E7A4F7556}") = "Infrastructure.Helpers", "Infrastructure.Helpers\Infrastructure.Helpers.csproj", "{3BE0C0CA-6013-40A7-93DB-59EC0242A794}"
EndProject
Project("{9A19103F-16F7-4668-BE54-9A1E7A4F7556}") = "Infrastructure.UI", "Infrastructure.UI\Infrastructure.UI.csproj", "{4C7A87C3-FB39-4833-ADC8-C55766FAB492}"
EndProject
Project("{9A19103F-16F7-4668-BE54-9A1E7A4F7556}") = "Infrastructure.DocumentTemplates", "Infrastructure.DocumentTemplates\Infrastructure.DocumentTemplates.csproj", "{70A3935D-B3CB-4343-9B7A-5A5A510693E5}"
EndProject
Project("{9A19103F-16F7-4668-BE54-9A1E7A4F7556}") = "Client.CommonDocumentService", "..\..\..\otc-clients-core\Sources\Clients\Client.CommonDocumentService\Client.CommonDocumentService.csproj", "{B9AB16F9-D54D-430E-882D-F2531E969222}"
EndProject
Project("{9A19103F-16F7-4668-BE54-9A1E7A4F7556}") = "Infrastructure.Validators", "Infrastructure.Validators\Infrastructure.Validators.csproj", "{E075526F-7546-42B8-BE53-9273848FA165}"
EndProject
Project("{9A19103F-16F7-4668-BE54-9A1E7A4F7556}") = "Client.Tender", "..\..\..\otc-clients-core\Sources\Clients\Client.Tender\Client.Tender.csproj", "{648970E3-9BB2-4E0E-B727-424CDA18E6AE}"
EndProject
Project("{9A19103F-16F7-4668-BE54-9A1E7A4F7556}") = "Infrastructure.Signature", "Infrastructure.Signature\Infrastructure.Signature.csproj", "{FB4DF515-E625-4916-8D8B-084B34B02193}"
EndProject
Project("{9A19103F-16F7-4668-BE54-9A1E7A4F7556}") = "Infrastructure.NotificationConfiguration", "Infrastructure.NotificationConfiguration\Infrastructure.NotificationConfiguration.csproj", "{E057CBD9-3F26-498F-B22F-D790BACC2AF7}"
EndProject
Project("{9A19103F-16F7-4668-BE54-9A1E7A4F7556}") = "Infrastructure.Health", "Infrastructure.Health\Infrastructure.Health.csproj", "{95358A48-A71C-4EA5-819A-B77B408FFBA9}"
EndProject
Project("{9A19103F-16F7-4668-BE54-9A1E7A4F7556}") = "Infrastructure.Db", "Infrastructure.Db\Infrastructure.Db.csproj", "{AEEAABF2-F060-4618-842C-29D1B721C7B7}"
EndProject
Project("{9A19103F-16F7-4668-BE54-9A1E7A4F7556}") = "Infrastructure.Mediator", "Infrastructure.Mediator\Infrastructure.Mediator.csproj", "{FD94EBBD-9CAA-47E0-9186-D88DC71EE859}"
EndProject
Project("{FAE04EC0-301F-11D3-BF4B-00C04F79EFBC}") = "Infrastructure.Process", "Infrastructure.Process\Infrastructure.Process.csproj", "{B28A8A33-4306-46D4-B8D2-5867E8DA2FE9}"
EndProject
Global
	GlobalSection(SolutionConfigurationPlatforms) = preSolution
		Debug|Any CPU = Debug|Any CPU
		Debug-Postgres|Any CPU = Debug-Postgres|Any CPU
		OTC-Demo|Any CPU = OTC-Demo|Any CPU
		OTC-PreProd|Any CPU = OTC-PreProd|Any CPU
		OTC-Production|Any CPU = OTC-Production|Any CPU
		OTC-Rad|Any CPU = OTC-Rad|Any CPU
		OTC-Stable|Any CPU = OTC-Stable|Any CPU
		Release|Any CPU = Release|Any CPU
		Release-MosMetro-PostgreSql|Any CPU = Release-MosMetro-PostgreSql|Any CPU
		Release-Postgres|Any CPU = Release-Postgres|Any CPU
	EndGlobalSection
	GlobalSection(ProjectConfigurationPlatforms) = postSolution
		{A933BBB7-66CB-49F2-97BB-EE26FB922DE7}.Debug|Any CPU.ActiveCfg = Debug|Any CPU
		{A933BBB7-66CB-49F2-97BB-EE26FB922DE7}.Debug|Any CPU.Build.0 = Debug|Any CPU
		{A933BBB7-66CB-49F2-97BB-EE26FB922DE7}.Debug-Postgres|Any CPU.ActiveCfg = Debug-Postgres|Any CPU
		{A933BBB7-66CB-49F2-97BB-EE26FB922DE7}.Debug-Postgres|Any CPU.Build.0 = Debug-Postgres|Any CPU
		{A933BBB7-66CB-49F2-97BB-EE26FB922DE7}.OTC-Demo|Any CPU.ActiveCfg = Release|Any CPU
		{A933BBB7-66CB-49F2-97BB-EE26FB922DE7}.OTC-Demo|Any CPU.Build.0 = Release|Any CPU
		{A933BBB7-66CB-49F2-97BB-EE26FB922DE7}.OTC-PreProd|Any CPU.ActiveCfg = Release|Any CPU
		{A933BBB7-66CB-49F2-97BB-EE26FB922DE7}.OTC-PreProd|Any CPU.Build.0 = Release|Any CPU
		{A933BBB7-66CB-49F2-97BB-EE26FB922DE7}.OTC-Production|Any CPU.ActiveCfg = Release|Any CPU
		{A933BBB7-66CB-49F2-97BB-EE26FB922DE7}.OTC-Production|Any CPU.Build.0 = Release|Any CPU
		{A933BBB7-66CB-49F2-97BB-EE26FB922DE7}.OTC-Rad|Any CPU.ActiveCfg = Release|Any CPU
		{A933BBB7-66CB-49F2-97BB-EE26FB922DE7}.OTC-Rad|Any CPU.Build.0 = Release|Any CPU
		{A933BBB7-66CB-49F2-97BB-EE26FB922DE7}.OTC-Stable|Any CPU.ActiveCfg = Release|Any CPU
		{A933BBB7-66CB-49F2-97BB-EE26FB922DE7}.OTC-Stable|Any CPU.Build.0 = Release|Any CPU
		{A933BBB7-66CB-49F2-97BB-EE26FB922DE7}.Release|Any CPU.ActiveCfg = Release|Any CPU
		{A933BBB7-66CB-49F2-97BB-EE26FB922DE7}.Release|Any CPU.Build.0 = Release|Any CPU
		{A933BBB7-66CB-49F2-97BB-EE26FB922DE7}.Release-MosMetro-PostgreSql|Any CPU.ActiveCfg = Release|Any CPU
		{A933BBB7-66CB-49F2-97BB-EE26FB922DE7}.Release-MosMetro-PostgreSql|Any CPU.Build.0 = Release|Any CPU
		{A933BBB7-66CB-49F2-97BB-EE26FB922DE7}.Release-Postgres|Any CPU.ActiveCfg = Release-Postgres|Any CPU
		{A933BBB7-66CB-49F2-97BB-EE26FB922DE7}.Release-Postgres|Any CPU.Build.0 = Release-Postgres|Any CPU
		{1880CD30-7060-4CEC-B245-1BD066A14834}.Debug|Any CPU.ActiveCfg = Debug|Any CPU
		{1880CD30-7060-4CEC-B245-1BD066A14834}.Debug|Any CPU.Build.0 = Debug|Any CPU
		{1880CD30-7060-4CEC-B245-1BD066A14834}.Debug-Postgres|Any CPU.ActiveCfg = Debug-Postgres|Any CPU
		{1880CD30-7060-4CEC-B245-1BD066A14834}.Debug-Postgres|Any CPU.Build.0 = Debug-Postgres|Any CPU
		{1880CD30-7060-4CEC-B245-1BD066A14834}.OTC-Demo|Any CPU.ActiveCfg = Debug|Any CPU
		{1880CD30-7060-4CEC-B245-1BD066A14834}.OTC-Demo|Any CPU.Build.0 = Debug|Any CPU
		{1880CD30-7060-4CEC-B245-1BD066A14834}.OTC-PreProd|Any CPU.ActiveCfg = Debug|Any CPU
		{1880CD30-7060-4CEC-B245-1BD066A14834}.OTC-PreProd|Any CPU.Build.0 = Debug|Any CPU
		{1880CD30-7060-4CEC-B245-1BD066A14834}.OTC-Production|Any CPU.ActiveCfg = Debug|Any CPU
		{1880CD30-7060-4CEC-B245-1BD066A14834}.OTC-Production|Any CPU.Build.0 = Debug|Any CPU
		{1880CD30-7060-4CEC-B245-1BD066A14834}.OTC-Rad|Any CPU.ActiveCfg = Debug|Any CPU
		{1880CD30-7060-4CEC-B245-1BD066A14834}.OTC-Rad|Any CPU.Build.0 = Debug|Any CPU
		{1880CD30-7060-4CEC-B245-1BD066A14834}.OTC-Stable|Any CPU.ActiveCfg = Debug|Any CPU
		{1880CD30-7060-4CEC-B245-1BD066A14834}.OTC-Stable|Any CPU.Build.0 = Debug|Any CPU
		{1880CD30-7060-4CEC-B245-1BD066A14834}.Release|Any CPU.ActiveCfg = Release|Any CPU
		{1880CD30-7060-4CEC-B245-1BD066A14834}.Release|Any CPU.Build.0 = Release|Any CPU
		{1880CD30-7060-4CEC-B245-1BD066A14834}.Release-MosMetro-PostgreSql|Any CPU.ActiveCfg = Release|Any CPU
		{1880CD30-7060-4CEC-B245-1BD066A14834}.Release-MosMetro-PostgreSql|Any CPU.Build.0 = Release|Any CPU
		{1880CD30-7060-4CEC-B245-1BD066A14834}.Release-Postgres|Any CPU.ActiveCfg = Release-Postgres|Any CPU
		{1880CD30-7060-4CEC-B245-1BD066A14834}.Release-Postgres|Any CPU.Build.0 = Release-Postgres|Any CPU
		{A8CCADCD-3E46-4D4B-96F1-837F988239D4}.Debug|Any CPU.ActiveCfg = Debug|Any CPU
		{A8CCADCD-3E46-4D4B-96F1-837F988239D4}.Debug|Any CPU.Build.0 = Debug|Any CPU
		{A8CCADCD-3E46-4D4B-96F1-837F988239D4}.Debug-Postgres|Any CPU.ActiveCfg = Debug-Postgres|Any CPU
		{A8CCADCD-3E46-4D4B-96F1-837F988239D4}.Debug-Postgres|Any CPU.Build.0 = Debug-Postgres|Any CPU
		{A8CCADCD-3E46-4D4B-96F1-837F988239D4}.OTC-Demo|Any CPU.ActiveCfg = Debug|Any CPU
		{A8CCADCD-3E46-4D4B-96F1-837F988239D4}.OTC-Demo|Any CPU.Build.0 = Debug|Any CPU
		{A8CCADCD-3E46-4D4B-96F1-837F988239D4}.OTC-PreProd|Any CPU.ActiveCfg = Debug|Any CPU
		{A8CCADCD-3E46-4D4B-96F1-837F988239D4}.OTC-PreProd|Any CPU.Build.0 = Debug|Any CPU
		{A8CCADCD-3E46-4D4B-96F1-837F988239D4}.OTC-Production|Any CPU.ActiveCfg = Debug|Any CPU
		{A8CCADCD-3E46-4D4B-96F1-837F988239D4}.OTC-Production|Any CPU.Build.0 = Debug|Any CPU
		{A8CCADCD-3E46-4D4B-96F1-837F988239D4}.OTC-Rad|Any CPU.ActiveCfg = Debug|Any CPU
		{A8CCADCD-3E46-4D4B-96F1-837F988239D4}.OTC-Rad|Any CPU.Build.0 = Debug|Any CPU
		{A8CCADCD-3E46-4D4B-96F1-837F988239D4}.OTC-Stable|Any CPU.ActiveCfg = Debug|Any CPU
		{A8CCADCD-3E46-4D4B-96F1-837F988239D4}.OTC-Stable|Any CPU.Build.0 = Debug|Any CPU
		{A8CCADCD-3E46-4D4B-96F1-837F988239D4}.Release|Any CPU.ActiveCfg = Release|Any CPU
		{A8CCADCD-3E46-4D4B-96F1-837F988239D4}.Release|Any CPU.Build.0 = Release|Any CPU
		{A8CCADCD-3E46-4D4B-96F1-837F988239D4}.Release-MosMetro-PostgreSql|Any CPU.ActiveCfg = Release|Any CPU
		{A8CCADCD-3E46-4D4B-96F1-837F988239D4}.Release-MosMetro-PostgreSql|Any CPU.Build.0 = Release|Any CPU
		{A8CCADCD-3E46-4D4B-96F1-837F988239D4}.Release-Postgres|Any CPU.ActiveCfg = Release-Postgres|Any CPU
		{A8CCADCD-3E46-4D4B-96F1-837F988239D4}.Release-Postgres|Any CPU.Build.0 = Release-Postgres|Any CPU
		{B64769A5-741A-44A8-9402-E3873D1016C9}.Debug|Any CPU.ActiveCfg = Debug|Any CPU
		{B64769A5-741A-44A8-9402-E3873D1016C9}.Debug|Any CPU.Build.0 = Debug|Any CPU
		{B64769A5-741A-44A8-9402-E3873D1016C9}.Debug-Postgres|Any CPU.ActiveCfg = Debug-Postgres|Any CPU
		{B64769A5-741A-44A8-9402-E3873D1016C9}.Debug-Postgres|Any CPU.Build.0 = Debug-Postgres|Any CPU
		{B64769A5-741A-44A8-9402-E3873D1016C9}.OTC-Demo|Any CPU.ActiveCfg = Debug|Any CPU
		{B64769A5-741A-44A8-9402-E3873D1016C9}.OTC-Demo|Any CPU.Build.0 = Debug|Any CPU
		{B64769A5-741A-44A8-9402-E3873D1016C9}.OTC-PreProd|Any CPU.ActiveCfg = Debug|Any CPU
		{B64769A5-741A-44A8-9402-E3873D1016C9}.OTC-PreProd|Any CPU.Build.0 = Debug|Any CPU
		{B64769A5-741A-44A8-9402-E3873D1016C9}.OTC-Production|Any CPU.ActiveCfg = Debug|Any CPU
		{B64769A5-741A-44A8-9402-E3873D1016C9}.OTC-Production|Any CPU.Build.0 = Debug|Any CPU
		{B64769A5-741A-44A8-9402-E3873D1016C9}.OTC-Rad|Any CPU.ActiveCfg = Debug|Any CPU
		{B64769A5-741A-44A8-9402-E3873D1016C9}.OTC-Rad|Any CPU.Build.0 = Debug|Any CPU
		{B64769A5-741A-44A8-9402-E3873D1016C9}.OTC-Stable|Any CPU.ActiveCfg = Debug|Any CPU
		{B64769A5-741A-44A8-9402-E3873D1016C9}.OTC-Stable|Any CPU.Build.0 = Debug|Any CPU
		{B64769A5-741A-44A8-9402-E3873D1016C9}.Release|Any CPU.ActiveCfg = Release|Any CPU
		{B64769A5-741A-44A8-9402-E3873D1016C9}.Release|Any CPU.Build.0 = Release|Any CPU
		{B64769A5-741A-44A8-9402-E3873D1016C9}.Release-MosMetro-PostgreSql|Any CPU.ActiveCfg = Release|Any CPU
		{B64769A5-741A-44A8-9402-E3873D1016C9}.Release-MosMetro-PostgreSql|Any CPU.Build.0 = Release|Any CPU
		{B64769A5-741A-44A8-9402-E3873D1016C9}.Release-Postgres|Any CPU.ActiveCfg = Release-Postgres|Any CPU
		{B64769A5-741A-44A8-9402-E3873D1016C9}.Release-Postgres|Any CPU.Build.0 = Release-Postgres|Any CPU
		{BA109230-4782-4456-A169-4FE07AD35DC6}.Debug|Any CPU.ActiveCfg = Debug|Any CPU
		{BA109230-4782-4456-A169-4FE07AD35DC6}.Debug|Any CPU.Build.0 = Debug|Any CPU
		{BA109230-4782-4456-A169-4FE07AD35DC6}.Debug-Postgres|Any CPU.ActiveCfg = Debug-Postgres|Any CPU
		{BA109230-4782-4456-A169-4FE07AD35DC6}.Debug-Postgres|Any CPU.Build.0 = Debug-Postgres|Any CPU
		{BA109230-4782-4456-A169-4FE07AD35DC6}.OTC-Demo|Any CPU.ActiveCfg = Debug|Any CPU
		{BA109230-4782-4456-A169-4FE07AD35DC6}.OTC-Demo|Any CPU.Build.0 = Debug|Any CPU
		{BA109230-4782-4456-A169-4FE07AD35DC6}.OTC-PreProd|Any CPU.ActiveCfg = Debug|Any CPU
		{BA109230-4782-4456-A169-4FE07AD35DC6}.OTC-PreProd|Any CPU.Build.0 = Debug|Any CPU
		{BA109230-4782-4456-A169-4FE07AD35DC6}.OTC-Production|Any CPU.ActiveCfg = Debug|Any CPU
		{BA109230-4782-4456-A169-4FE07AD35DC6}.OTC-Production|Any CPU.Build.0 = Debug|Any CPU
		{BA109230-4782-4456-A169-4FE07AD35DC6}.OTC-Rad|Any CPU.ActiveCfg = Debug|Any CPU
		{BA109230-4782-4456-A169-4FE07AD35DC6}.OTC-Rad|Any CPU.Build.0 = Debug|Any CPU
		{BA109230-4782-4456-A169-4FE07AD35DC6}.OTC-Stable|Any CPU.ActiveCfg = Debug|Any CPU
		{BA109230-4782-4456-A169-4FE07AD35DC6}.OTC-Stable|Any CPU.Build.0 = Debug|Any CPU
		{BA109230-4782-4456-A169-4FE07AD35DC6}.Release|Any CPU.ActiveCfg = Release|Any CPU
		{BA109230-4782-4456-A169-4FE07AD35DC6}.Release|Any CPU.Build.0 = Release|Any CPU
		{BA109230-4782-4456-A169-4FE07AD35DC6}.Release-MosMetro-PostgreSql|Any CPU.ActiveCfg = Release|Any CPU
		{BA109230-4782-4456-A169-4FE07AD35DC6}.Release-MosMetro-PostgreSql|Any CPU.Build.0 = Release|Any CPU
		{BA109230-4782-4456-A169-4FE07AD35DC6}.Release-Postgres|Any CPU.ActiveCfg = Release-Postgres|Any CPU
		{BA109230-4782-4456-A169-4FE07AD35DC6}.Release-Postgres|Any CPU.Build.0 = Release-Postgres|Any CPU
		{4CDB962F-BE34-4015-8FC4-BE36240341E9}.Debug|Any CPU.ActiveCfg = Debug|Any CPU
		{4CDB962F-BE34-4015-8FC4-BE36240341E9}.Debug|Any CPU.Build.0 = Debug|Any CPU
		{4CDB962F-BE34-4015-8FC4-BE36240341E9}.Debug-Postgres|Any CPU.ActiveCfg = Debug-Postgres|Any CPU
		{4CDB962F-BE34-4015-8FC4-BE36240341E9}.Debug-Postgres|Any CPU.Build.0 = Debug-Postgres|Any CPU
		{4CDB962F-BE34-4015-8FC4-BE36240341E9}.OTC-Demo|Any CPU.ActiveCfg = Debug|Any CPU
		{4CDB962F-BE34-4015-8FC4-BE36240341E9}.OTC-Demo|Any CPU.Build.0 = Debug|Any CPU
		{4CDB962F-BE34-4015-8FC4-BE36240341E9}.OTC-PreProd|Any CPU.ActiveCfg = Debug|Any CPU
		{4CDB962F-BE34-4015-8FC4-BE36240341E9}.OTC-PreProd|Any CPU.Build.0 = Debug|Any CPU
		{4CDB962F-BE34-4015-8FC4-BE36240341E9}.OTC-Production|Any CPU.ActiveCfg = Debug|Any CPU
		{4CDB962F-BE34-4015-8FC4-BE36240341E9}.OTC-Production|Any CPU.Build.0 = Debug|Any CPU
		{4CDB962F-BE34-4015-8FC4-BE36240341E9}.OTC-Rad|Any CPU.ActiveCfg = Debug|Any CPU
		{4CDB962F-BE34-4015-8FC4-BE36240341E9}.OTC-Rad|Any CPU.Build.0 = Debug|Any CPU
		{4CDB962F-BE34-4015-8FC4-BE36240341E9}.OTC-Stable|Any CPU.ActiveCfg = Debug|Any CPU
		{4CDB962F-BE34-4015-8FC4-BE36240341E9}.OTC-Stable|Any CPU.Build.0 = Debug|Any CPU
		{4CDB962F-BE34-4015-8FC4-BE36240341E9}.Release|Any CPU.ActiveCfg = Release|Any CPU
		{4CDB962F-BE34-4015-8FC4-BE36240341E9}.Release|Any CPU.Build.0 = Release|Any CPU
		{4CDB962F-BE34-4015-8FC4-BE36240341E9}.Release-MosMetro-PostgreSql|Any CPU.ActiveCfg = Release|Any CPU
		{4CDB962F-BE34-4015-8FC4-BE36240341E9}.Release-MosMetro-PostgreSql|Any CPU.Build.0 = Release|Any CPU
		{4CDB962F-BE34-4015-8FC4-BE36240341E9}.Release-Postgres|Any CPU.ActiveCfg = Release-Postgres|Any CPU
		{4CDB962F-BE34-4015-8FC4-BE36240341E9}.Release-Postgres|Any CPU.Build.0 = Release-Postgres|Any CPU
		{DDE07DD4-DD73-48F0-979B-E2B9E828FF3E}.Debug|Any CPU.ActiveCfg = Debug|Any CPU
		{DDE07DD4-DD73-48F0-979B-E2B9E828FF3E}.Debug|Any CPU.Build.0 = Debug|Any CPU
		{DDE07DD4-DD73-48F0-979B-E2B9E828FF3E}.Debug-Postgres|Any CPU.ActiveCfg = Debug-Postgres|Any CPU
		{DDE07DD4-DD73-48F0-979B-E2B9E828FF3E}.Debug-Postgres|Any CPU.Build.0 = Debug-Postgres|Any CPU
		{DDE07DD4-DD73-48F0-979B-E2B9E828FF3E}.OTC-Demo|Any CPU.ActiveCfg = Debug|Any CPU
		{DDE07DD4-DD73-48F0-979B-E2B9E828FF3E}.OTC-Demo|Any CPU.Build.0 = Debug|Any CPU
		{DDE07DD4-DD73-48F0-979B-E2B9E828FF3E}.OTC-PreProd|Any CPU.ActiveCfg = Debug|Any CPU
		{DDE07DD4-DD73-48F0-979B-E2B9E828FF3E}.OTC-PreProd|Any CPU.Build.0 = Debug|Any CPU
		{DDE07DD4-DD73-48F0-979B-E2B9E828FF3E}.OTC-Production|Any CPU.ActiveCfg = Debug|Any CPU
		{DDE07DD4-DD73-48F0-979B-E2B9E828FF3E}.OTC-Production|Any CPU.Build.0 = Debug|Any CPU
		{DDE07DD4-DD73-48F0-979B-E2B9E828FF3E}.OTC-Rad|Any CPU.ActiveCfg = Debug|Any CPU
		{DDE07DD4-DD73-48F0-979B-E2B9E828FF3E}.OTC-Rad|Any CPU.Build.0 = Debug|Any CPU
		{DDE07DD4-DD73-48F0-979B-E2B9E828FF3E}.OTC-Stable|Any CPU.ActiveCfg = Debug|Any CPU
		{DDE07DD4-DD73-48F0-979B-E2B9E828FF3E}.OTC-Stable|Any CPU.Build.0 = Debug|Any CPU
		{DDE07DD4-DD73-48F0-979B-E2B9E828FF3E}.Release|Any CPU.ActiveCfg = Release|Any CPU
		{DDE07DD4-DD73-48F0-979B-E2B9E828FF3E}.Release|Any CPU.Build.0 = Release|Any CPU
		{DDE07DD4-DD73-48F0-979B-E2B9E828FF3E}.Release-MosMetro-PostgreSql|Any CPU.ActiveCfg = Release|Any CPU
		{DDE07DD4-DD73-48F0-979B-E2B9E828FF3E}.Release-MosMetro-PostgreSql|Any CPU.Build.0 = Release|Any CPU
		{DDE07DD4-DD73-48F0-979B-E2B9E828FF3E}.Release-Postgres|Any CPU.ActiveCfg = Release-Postgres|Any CPU
		{DDE07DD4-DD73-48F0-979B-E2B9E828FF3E}.Release-Postgres|Any CPU.Build.0 = Release-Postgres|Any CPU
		{270D3221-EF11-4512-95AC-F8BE0795A31F}.Debug|Any CPU.ActiveCfg = Debug|Any CPU
		{270D3221-EF11-4512-95AC-F8BE0795A31F}.Debug|Any CPU.Build.0 = Debug|Any CPU
		{270D3221-EF11-4512-95AC-F8BE0795A31F}.Debug-Postgres|Any CPU.ActiveCfg = Debug-Postgres|Any CPU
		{270D3221-EF11-4512-95AC-F8BE0795A31F}.Debug-Postgres|Any CPU.Build.0 = Debug-Postgres|Any CPU
		{270D3221-EF11-4512-95AC-F8BE0795A31F}.OTC-Demo|Any CPU.ActiveCfg = Debug|Any CPU
		{270D3221-EF11-4512-95AC-F8BE0795A31F}.OTC-Demo|Any CPU.Build.0 = Debug|Any CPU
		{270D3221-EF11-4512-95AC-F8BE0795A31F}.OTC-PreProd|Any CPU.ActiveCfg = Debug|Any CPU
		{270D3221-EF11-4512-95AC-F8BE0795A31F}.OTC-PreProd|Any CPU.Build.0 = Debug|Any CPU
		{270D3221-EF11-4512-95AC-F8BE0795A31F}.OTC-Production|Any CPU.ActiveCfg = Debug|Any CPU
		{270D3221-EF11-4512-95AC-F8BE0795A31F}.OTC-Production|Any CPU.Build.0 = Debug|Any CPU
		{270D3221-EF11-4512-95AC-F8BE0795A31F}.OTC-Rad|Any CPU.ActiveCfg = Debug|Any CPU
		{270D3221-EF11-4512-95AC-F8BE0795A31F}.OTC-Rad|Any CPU.Build.0 = Debug|Any CPU
		{270D3221-EF11-4512-95AC-F8BE0795A31F}.OTC-Stable|Any CPU.ActiveCfg = Debug|Any CPU
		{270D3221-EF11-4512-95AC-F8BE0795A31F}.OTC-Stable|Any CPU.Build.0 = Debug|Any CPU
		{270D3221-EF11-4512-95AC-F8BE0795A31F}.Release|Any CPU.ActiveCfg = Release|Any CPU
		{270D3221-EF11-4512-95AC-F8BE0795A31F}.Release|Any CPU.Build.0 = Release|Any CPU
		{270D3221-EF11-4512-95AC-F8BE0795A31F}.Release-MosMetro-PostgreSql|Any CPU.ActiveCfg = Release|Any CPU
		{270D3221-EF11-4512-95AC-F8BE0795A31F}.Release-MosMetro-PostgreSql|Any CPU.Build.0 = Release|Any CPU
		{270D3221-EF11-4512-95AC-F8BE0795A31F}.Release-Postgres|Any CPU.ActiveCfg = Release-Postgres|Any CPU
		{270D3221-EF11-4512-95AC-F8BE0795A31F}.Release-Postgres|Any CPU.Build.0 = Release-Postgres|Any CPU
		{4ACFEC7C-14E5-48CB-A881-D990B5BA388D}.Debug|Any CPU.ActiveCfg = Debug|Any CPU
		{4ACFEC7C-14E5-48CB-A881-D990B5BA388D}.Debug|Any CPU.Build.0 = Debug|Any CPU
		{4ACFEC7C-14E5-48CB-A881-D990B5BA388D}.Debug-Postgres|Any CPU.ActiveCfg = Debug-Postgres|Any CPU
		{4ACFEC7C-14E5-48CB-A881-D990B5BA388D}.Debug-Postgres|Any CPU.Build.0 = Debug-Postgres|Any CPU
		{4ACFEC7C-14E5-48CB-A881-D990B5BA388D}.OTC-Demo|Any CPU.ActiveCfg = Debug|Any CPU
		{4ACFEC7C-14E5-48CB-A881-D990B5BA388D}.OTC-Demo|Any CPU.Build.0 = Debug|Any CPU
		{4ACFEC7C-14E5-48CB-A881-D990B5BA388D}.OTC-PreProd|Any CPU.ActiveCfg = Debug|Any CPU
		{4ACFEC7C-14E5-48CB-A881-D990B5BA388D}.OTC-PreProd|Any CPU.Build.0 = Debug|Any CPU
		{4ACFEC7C-14E5-48CB-A881-D990B5BA388D}.OTC-Production|Any CPU.ActiveCfg = Debug|Any CPU
		{4ACFEC7C-14E5-48CB-A881-D990B5BA388D}.OTC-Production|Any CPU.Build.0 = Debug|Any CPU
		{4ACFEC7C-14E5-48CB-A881-D990B5BA388D}.OTC-Rad|Any CPU.ActiveCfg = Debug|Any CPU
		{4ACFEC7C-14E5-48CB-A881-D990B5BA388D}.OTC-Rad|Any CPU.Build.0 = Debug|Any CPU
		{4ACFEC7C-14E5-48CB-A881-D990B5BA388D}.OTC-Stable|Any CPU.ActiveCfg = Debug|Any CPU
		{4ACFEC7C-14E5-48CB-A881-D990B5BA388D}.OTC-Stable|Any CPU.Build.0 = Debug|Any CPU
		{4ACFEC7C-14E5-48CB-A881-D990B5BA388D}.Release|Any CPU.ActiveCfg = Release|Any CPU
		{4ACFEC7C-14E5-48CB-A881-D990B5BA388D}.Release|Any CPU.Build.0 = Release|Any CPU
		{4ACFEC7C-14E5-48CB-A881-D990B5BA388D}.Release-MosMetro-PostgreSql|Any CPU.ActiveCfg = Release|Any CPU
		{4ACFEC7C-14E5-48CB-A881-D990B5BA388D}.Release-MosMetro-PostgreSql|Any CPU.Build.0 = Release|Any CPU
		{4ACFEC7C-14E5-48CB-A881-D990B5BA388D}.Release-Postgres|Any CPU.ActiveCfg = Release-Postgres|Any CPU
		{4ACFEC7C-14E5-48CB-A881-D990B5BA388D}.Release-Postgres|Any CPU.Build.0 = Release-Postgres|Any CPU
		{55E2BD34-88C2-49B7-83BA-B20FA6EBE039}.Debug|Any CPU.ActiveCfg = Debug|Any CPU
		{55E2BD34-88C2-49B7-83BA-B20FA6EBE039}.Debug|Any CPU.Build.0 = Debug|Any CPU
		{55E2BD34-88C2-49B7-83BA-B20FA6EBE039}.Debug-Postgres|Any CPU.ActiveCfg = Debug-Postgres|Any CPU
		{55E2BD34-88C2-49B7-83BA-B20FA6EBE039}.Debug-Postgres|Any CPU.Build.0 = Debug-Postgres|Any CPU
		{55E2BD34-88C2-49B7-83BA-B20FA6EBE039}.OTC-Demo|Any CPU.ActiveCfg = Debug|Any CPU
		{55E2BD34-88C2-49B7-83BA-B20FA6EBE039}.OTC-Demo|Any CPU.Build.0 = Debug|Any CPU
		{55E2BD34-88C2-49B7-83BA-B20FA6EBE039}.OTC-PreProd|Any CPU.ActiveCfg = Debug|Any CPU
		{55E2BD34-88C2-49B7-83BA-B20FA6EBE039}.OTC-PreProd|Any CPU.Build.0 = Debug|Any CPU
		{55E2BD34-88C2-49B7-83BA-B20FA6EBE039}.OTC-Production|Any CPU.ActiveCfg = Debug|Any CPU
		{55E2BD34-88C2-49B7-83BA-B20FA6EBE039}.OTC-Production|Any CPU.Build.0 = Debug|Any CPU
		{55E2BD34-88C2-49B7-83BA-B20FA6EBE039}.OTC-Rad|Any CPU.ActiveCfg = Debug|Any CPU
		{55E2BD34-88C2-49B7-83BA-B20FA6EBE039}.OTC-Rad|Any CPU.Build.0 = Debug|Any CPU
		{55E2BD34-88C2-49B7-83BA-B20FA6EBE039}.OTC-Stable|Any CPU.ActiveCfg = Debug|Any CPU
		{55E2BD34-88C2-49B7-83BA-B20FA6EBE039}.OTC-Stable|Any CPU.Build.0 = Debug|Any CPU
		{55E2BD34-88C2-49B7-83BA-B20FA6EBE039}.Release|Any CPU.ActiveCfg = Release|Any CPU
		{55E2BD34-88C2-49B7-83BA-B20FA6EBE039}.Release|Any CPU.Build.0 = Release|Any CPU
		{55E2BD34-88C2-49B7-83BA-B20FA6EBE039}.Release-MosMetro-PostgreSql|Any CPU.ActiveCfg = Release|Any CPU
		{55E2BD34-88C2-49B7-83BA-B20FA6EBE039}.Release-MosMetro-PostgreSql|Any CPU.Build.0 = Release|Any CPU
		{55E2BD34-88C2-49B7-83BA-B20FA6EBE039}.Release-Postgres|Any CPU.ActiveCfg = Release-Postgres|Any CPU
		{55E2BD34-88C2-49B7-83BA-B20FA6EBE039}.Release-Postgres|Any CPU.Build.0 = Release-Postgres|Any CPU
		{4A5A0F85-8F01-4521-850C-00078308DB48}.Debug|Any CPU.ActiveCfg = Debug|Any CPU
		{4A5A0F85-8F01-4521-850C-00078308DB48}.Debug|Any CPU.Build.0 = Debug|Any CPU
		{4A5A0F85-8F01-4521-850C-00078308DB48}.Debug-Postgres|Any CPU.ActiveCfg = Debug-Postgres|Any CPU
		{4A5A0F85-8F01-4521-850C-00078308DB48}.Debug-Postgres|Any CPU.Build.0 = Debug-Postgres|Any CPU
		{4A5A0F85-8F01-4521-850C-00078308DB48}.OTC-Demo|Any CPU.ActiveCfg = Debug|Any CPU
		{4A5A0F85-8F01-4521-850C-00078308DB48}.OTC-Demo|Any CPU.Build.0 = Debug|Any CPU
		{4A5A0F85-8F01-4521-850C-00078308DB48}.OTC-PreProd|Any CPU.ActiveCfg = Debug|Any CPU
		{4A5A0F85-8F01-4521-850C-00078308DB48}.OTC-PreProd|Any CPU.Build.0 = Debug|Any CPU
		{4A5A0F85-8F01-4521-850C-00078308DB48}.OTC-Production|Any CPU.ActiveCfg = Debug|Any CPU
		{4A5A0F85-8F01-4521-850C-00078308DB48}.OTC-Production|Any CPU.Build.0 = Debug|Any CPU
		{4A5A0F85-8F01-4521-850C-00078308DB48}.OTC-Rad|Any CPU.ActiveCfg = Debug|Any CPU
		{4A5A0F85-8F01-4521-850C-00078308DB48}.OTC-Rad|Any CPU.Build.0 = Debug|Any CPU
		{4A5A0F85-8F01-4521-850C-00078308DB48}.OTC-Stable|Any CPU.ActiveCfg = Debug|Any CPU
		{4A5A0F85-8F01-4521-850C-00078308DB48}.OTC-Stable|Any CPU.Build.0 = Debug|Any CPU
		{4A5A0F85-8F01-4521-850C-00078308DB48}.Release|Any CPU.ActiveCfg = Release|Any CPU
		{4A5A0F85-8F01-4521-850C-00078308DB48}.Release|Any CPU.Build.0 = Release|Any CPU
		{4A5A0F85-8F01-4521-850C-00078308DB48}.Release-MosMetro-PostgreSql|Any CPU.ActiveCfg = Release|Any CPU
		{4A5A0F85-8F01-4521-850C-00078308DB48}.Release-MosMetro-PostgreSql|Any CPU.Build.0 = Release|Any CPU
		{4A5A0F85-8F01-4521-850C-00078308DB48}.Release-Postgres|Any CPU.ActiveCfg = Release-Postgres|Any CPU
		{4A5A0F85-8F01-4521-850C-00078308DB48}.Release-Postgres|Any CPU.Build.0 = Release-Postgres|Any CPU
		{5232558D-44D5-42E0-8D03-5C7F798CD698}.Debug|Any CPU.ActiveCfg = Debug|Any CPU
		{5232558D-44D5-42E0-8D03-5C7F798CD698}.Debug|Any CPU.Build.0 = Debug|Any CPU
		{5232558D-44D5-42E0-8D03-5C7F798CD698}.Debug-Postgres|Any CPU.ActiveCfg = Debug-Postgres|Any CPU
		{5232558D-44D5-42E0-8D03-5C7F798CD698}.Debug-Postgres|Any CPU.Build.0 = Debug-Postgres|Any CPU
		{5232558D-44D5-42E0-8D03-5C7F798CD698}.OTC-Demo|Any CPU.ActiveCfg = Debug|Any CPU
		{5232558D-44D5-42E0-8D03-5C7F798CD698}.OTC-Demo|Any CPU.Build.0 = Debug|Any CPU
		{5232558D-44D5-42E0-8D03-5C7F798CD698}.OTC-PreProd|Any CPU.ActiveCfg = Debug|Any CPU
		{5232558D-44D5-42E0-8D03-5C7F798CD698}.OTC-PreProd|Any CPU.Build.0 = Debug|Any CPU
		{5232558D-44D5-42E0-8D03-5C7F798CD698}.OTC-Production|Any CPU.ActiveCfg = Debug|Any CPU
		{5232558D-44D5-42E0-8D03-5C7F798CD698}.OTC-Production|Any CPU.Build.0 = Debug|Any CPU
		{5232558D-44D5-42E0-8D03-5C7F798CD698}.OTC-Rad|Any CPU.ActiveCfg = Debug|Any CPU
		{5232558D-44D5-42E0-8D03-5C7F798CD698}.OTC-Rad|Any CPU.Build.0 = Debug|Any CPU
		{5232558D-44D5-42E0-8D03-5C7F798CD698}.OTC-Stable|Any CPU.ActiveCfg = Debug|Any CPU
		{5232558D-44D5-42E0-8D03-5C7F798CD698}.OTC-Stable|Any CPU.Build.0 = Debug|Any CPU
		{5232558D-44D5-42E0-8D03-5C7F798CD698}.Release|Any CPU.ActiveCfg = Release|Any CPU
		{5232558D-44D5-42E0-8D03-5C7F798CD698}.Release|Any CPU.Build.0 = Release|Any CPU
		{5232558D-44D5-42E0-8D03-5C7F798CD698}.Release-MosMetro-PostgreSql|Any CPU.ActiveCfg = Release|Any CPU
		{5232558D-44D5-42E0-8D03-5C7F798CD698}.Release-MosMetro-PostgreSql|Any CPU.Build.0 = Release|Any CPU
		{5232558D-44D5-42E0-8D03-5C7F798CD698}.Release-Postgres|Any CPU.ActiveCfg = Release-Postgres|Any CPU
		{5232558D-44D5-42E0-8D03-5C7F798CD698}.Release-Postgres|Any CPU.Build.0 = Release-Postgres|Any CPU
		{4D3A9CB8-3D5F-4A4E-BD83-74DABDCD4229}.Debug|Any CPU.ActiveCfg = Debug|Any CPU
		{4D3A9CB8-3D5F-4A4E-BD83-74DABDCD4229}.Debug|Any CPU.Build.0 = Debug|Any CPU
		{4D3A9CB8-3D5F-4A4E-BD83-74DABDCD4229}.Debug-Postgres|Any CPU.ActiveCfg = Debug-Postgres|Any CPU
		{4D3A9CB8-3D5F-4A4E-BD83-74DABDCD4229}.Debug-Postgres|Any CPU.Build.0 = Debug-Postgres|Any CPU
		{4D3A9CB8-3D5F-4A4E-BD83-74DABDCD4229}.OTC-Demo|Any CPU.ActiveCfg = Debug|Any CPU
		{4D3A9CB8-3D5F-4A4E-BD83-74DABDCD4229}.OTC-Demo|Any CPU.Build.0 = Debug|Any CPU
		{4D3A9CB8-3D5F-4A4E-BD83-74DABDCD4229}.OTC-PreProd|Any CPU.ActiveCfg = Debug|Any CPU
		{4D3A9CB8-3D5F-4A4E-BD83-74DABDCD4229}.OTC-PreProd|Any CPU.Build.0 = Debug|Any CPU
		{4D3A9CB8-3D5F-4A4E-BD83-74DABDCD4229}.OTC-Production|Any CPU.ActiveCfg = Debug|Any CPU
		{4D3A9CB8-3D5F-4A4E-BD83-74DABDCD4229}.OTC-Production|Any CPU.Build.0 = Debug|Any CPU
		{4D3A9CB8-3D5F-4A4E-BD83-74DABDCD4229}.OTC-Rad|Any CPU.ActiveCfg = Debug|Any CPU
		{4D3A9CB8-3D5F-4A4E-BD83-74DABDCD4229}.OTC-Rad|Any CPU.Build.0 = Debug|Any CPU
		{4D3A9CB8-3D5F-4A4E-BD83-74DABDCD4229}.OTC-Stable|Any CPU.ActiveCfg = Debug|Any CPU
		{4D3A9CB8-3D5F-4A4E-BD83-74DABDCD4229}.OTC-Stable|Any CPU.Build.0 = Debug|Any CPU
		{4D3A9CB8-3D5F-4A4E-BD83-74DABDCD4229}.Release|Any CPU.ActiveCfg = Release|Any CPU
		{4D3A9CB8-3D5F-4A4E-BD83-74DABDCD4229}.Release|Any CPU.Build.0 = Release|Any CPU
		{4D3A9CB8-3D5F-4A4E-BD83-74DABDCD4229}.Release-MosMetro-PostgreSql|Any CPU.ActiveCfg = Release|Any CPU
		{4D3A9CB8-3D5F-4A4E-BD83-74DABDCD4229}.Release-MosMetro-PostgreSql|Any CPU.Build.0 = Release|Any CPU
		{4D3A9CB8-3D5F-4A4E-BD83-74DABDCD4229}.Release-Postgres|Any CPU.ActiveCfg = Release-Postgres|Any CPU
		{4D3A9CB8-3D5F-4A4E-BD83-74DABDCD4229}.Release-Postgres|Any CPU.Build.0 = Release-Postgres|Any CPU
		{3BE0C0CA-6013-40A7-93DB-59EC0242A794}.Debug|Any CPU.ActiveCfg = Debug|Any CPU
		{3BE0C0CA-6013-40A7-93DB-59EC0242A794}.Debug|Any CPU.Build.0 = Debug|Any CPU
		{3BE0C0CA-6013-40A7-93DB-59EC0242A794}.Debug-Postgres|Any CPU.ActiveCfg = Debug-Postgres|Any CPU
		{3BE0C0CA-6013-40A7-93DB-59EC0242A794}.Debug-Postgres|Any CPU.Build.0 = Debug-Postgres|Any CPU
		{3BE0C0CA-6013-40A7-93DB-59EC0242A794}.OTC-Demo|Any CPU.ActiveCfg = Debug|Any CPU
		{3BE0C0CA-6013-40A7-93DB-59EC0242A794}.OTC-Demo|Any CPU.Build.0 = Debug|Any CPU
		{3BE0C0CA-6013-40A7-93DB-59EC0242A794}.OTC-PreProd|Any CPU.ActiveCfg = Debug|Any CPU
		{3BE0C0CA-6013-40A7-93DB-59EC0242A794}.OTC-PreProd|Any CPU.Build.0 = Debug|Any CPU
		{3BE0C0CA-6013-40A7-93DB-59EC0242A794}.OTC-Production|Any CPU.ActiveCfg = Debug|Any CPU
		{3BE0C0CA-6013-40A7-93DB-59EC0242A794}.OTC-Production|Any CPU.Build.0 = Debug|Any CPU
		{3BE0C0CA-6013-40A7-93DB-59EC0242A794}.OTC-Rad|Any CPU.ActiveCfg = Debug|Any CPU
		{3BE0C0CA-6013-40A7-93DB-59EC0242A794}.OTC-Rad|Any CPU.Build.0 = Debug|Any CPU
		{3BE0C0CA-6013-40A7-93DB-59EC0242A794}.OTC-Stable|Any CPU.ActiveCfg = Debug|Any CPU
		{3BE0C0CA-6013-40A7-93DB-59EC0242A794}.OTC-Stable|Any CPU.Build.0 = Debug|Any CPU
		{3BE0C0CA-6013-40A7-93DB-59EC0242A794}.Release|Any CPU.ActiveCfg = Release|Any CPU
		{3BE0C0CA-6013-40A7-93DB-59EC0242A794}.Release|Any CPU.Build.0 = Release|Any CPU
		{3BE0C0CA-6013-40A7-93DB-59EC0242A794}.Release-MosMetro-PostgreSql|Any CPU.ActiveCfg = Release|Any CPU
		{3BE0C0CA-6013-40A7-93DB-59EC0242A794}.Release-MosMetro-PostgreSql|Any CPU.Build.0 = Release|Any CPU
		{3BE0C0CA-6013-40A7-93DB-59EC0242A794}.Release-Postgres|Any CPU.ActiveCfg = Release-Postgres|Any CPU
		{3BE0C0CA-6013-40A7-93DB-59EC0242A794}.Release-Postgres|Any CPU.Build.0 = Release-Postgres|Any CPU
		{4C7A87C3-FB39-4833-ADC8-C55766FAB492}.Debug|Any CPU.ActiveCfg = Debug|Any CPU
		{4C7A87C3-FB39-4833-ADC8-C55766FAB492}.Debug|Any CPU.Build.0 = Debug|Any CPU
		{4C7A87C3-FB39-4833-ADC8-C55766FAB492}.Debug-Postgres|Any CPU.ActiveCfg = Debug-Postgres|Any CPU
		{4C7A87C3-FB39-4833-ADC8-C55766FAB492}.Debug-Postgres|Any CPU.Build.0 = Debug-Postgres|Any CPU
		{4C7A87C3-FB39-4833-ADC8-C55766FAB492}.OTC-Demo|Any CPU.ActiveCfg = Debug|Any CPU
		{4C7A87C3-FB39-4833-ADC8-C55766FAB492}.OTC-Demo|Any CPU.Build.0 = Debug|Any CPU
		{4C7A87C3-FB39-4833-ADC8-C55766FAB492}.OTC-PreProd|Any CPU.ActiveCfg = Debug|Any CPU
		{4C7A87C3-FB39-4833-ADC8-C55766FAB492}.OTC-PreProd|Any CPU.Build.0 = Debug|Any CPU
		{4C7A87C3-FB39-4833-ADC8-C55766FAB492}.OTC-Production|Any CPU.ActiveCfg = Debug|Any CPU
		{4C7A87C3-FB39-4833-ADC8-C55766FAB492}.OTC-Production|Any CPU.Build.0 = Debug|Any CPU
		{4C7A87C3-FB39-4833-ADC8-C55766FAB492}.OTC-Rad|Any CPU.ActiveCfg = Debug|Any CPU
		{4C7A87C3-FB39-4833-ADC8-C55766FAB492}.OTC-Rad|Any CPU.Build.0 = Debug|Any CPU
		{4C7A87C3-FB39-4833-ADC8-C55766FAB492}.OTC-Stable|Any CPU.ActiveCfg = Debug|Any CPU
		{4C7A87C3-FB39-4833-ADC8-C55766FAB492}.OTC-Stable|Any CPU.Build.0 = Debug|Any CPU
		{4C7A87C3-FB39-4833-ADC8-C55766FAB492}.Release|Any CPU.ActiveCfg = Release|Any CPU
		{4C7A87C3-FB39-4833-ADC8-C55766FAB492}.Release|Any CPU.Build.0 = Release|Any CPU
		{4C7A87C3-FB39-4833-ADC8-C55766FAB492}.Release-MosMetro-PostgreSql|Any CPU.ActiveCfg = Release|Any CPU
		{4C7A87C3-FB39-4833-ADC8-C55766FAB492}.Release-MosMetro-PostgreSql|Any CPU.Build.0 = Release|Any CPU
		{4C7A87C3-FB39-4833-ADC8-C55766FAB492}.Release-Postgres|Any CPU.ActiveCfg = Release-Postgres|Any CPU
		{4C7A87C3-FB39-4833-ADC8-C55766FAB492}.Release-Postgres|Any CPU.Build.0 = Release-Postgres|Any CPU
		{70A3935D-B3CB-4343-9B7A-5A5A510693E5}.Debug|Any CPU.ActiveCfg = Debug|Any CPU
		{70A3935D-B3CB-4343-9B7A-5A5A510693E5}.Debug|Any CPU.Build.0 = Debug|Any CPU
		{70A3935D-B3CB-4343-9B7A-5A5A510693E5}.Debug-Postgres|Any CPU.ActiveCfg = Debug-Postgres|Any CPU
		{70A3935D-B3CB-4343-9B7A-5A5A510693E5}.Debug-Postgres|Any CPU.Build.0 = Debug-Postgres|Any CPU
		{70A3935D-B3CB-4343-9B7A-5A5A510693E5}.OTC-Demo|Any CPU.ActiveCfg = Debug|Any CPU
		{70A3935D-B3CB-4343-9B7A-5A5A510693E5}.OTC-Demo|Any CPU.Build.0 = Debug|Any CPU
		{70A3935D-B3CB-4343-9B7A-5A5A510693E5}.OTC-PreProd|Any CPU.ActiveCfg = Debug|Any CPU
		{70A3935D-B3CB-4343-9B7A-5A5A510693E5}.OTC-PreProd|Any CPU.Build.0 = Debug|Any CPU
		{70A3935D-B3CB-4343-9B7A-5A5A510693E5}.OTC-Production|Any CPU.ActiveCfg = Debug|Any CPU
		{70A3935D-B3CB-4343-9B7A-5A5A510693E5}.OTC-Production|Any CPU.Build.0 = Debug|Any CPU
		{70A3935D-B3CB-4343-9B7A-5A5A510693E5}.OTC-Rad|Any CPU.ActiveCfg = Debug|Any CPU
		{70A3935D-B3CB-4343-9B7A-5A5A510693E5}.OTC-Rad|Any CPU.Build.0 = Debug|Any CPU
		{70A3935D-B3CB-4343-9B7A-5A5A510693E5}.OTC-Stable|Any CPU.ActiveCfg = Debug|Any CPU
		{70A3935D-B3CB-4343-9B7A-5A5A510693E5}.OTC-Stable|Any CPU.Build.0 = Debug|Any CPU
		{70A3935D-B3CB-4343-9B7A-5A5A510693E5}.Release|Any CPU.ActiveCfg = Release|Any CPU
		{70A3935D-B3CB-4343-9B7A-5A5A510693E5}.Release|Any CPU.Build.0 = Release|Any CPU
		{70A3935D-B3CB-4343-9B7A-5A5A510693E5}.Release-MosMetro-PostgreSql|Any CPU.ActiveCfg = Release|Any CPU
		{70A3935D-B3CB-4343-9B7A-5A5A510693E5}.Release-MosMetro-PostgreSql|Any CPU.Build.0 = Release|Any CPU
		{70A3935D-B3CB-4343-9B7A-5A5A510693E5}.Release-Postgres|Any CPU.ActiveCfg = Release-Postgres|Any CPU
		{70A3935D-B3CB-4343-9B7A-5A5A510693E5}.Release-Postgres|Any CPU.Build.0 = Release-Postgres|Any CPU
		{B9AB16F9-D54D-430E-882D-F2531E969222}.Debug|Any CPU.ActiveCfg = Debug|Any CPU
		{B9AB16F9-D54D-430E-882D-F2531E969222}.Debug|Any CPU.Build.0 = Debug|Any CPU
		{B9AB16F9-D54D-430E-882D-F2531E969222}.Debug-Postgres|Any CPU.ActiveCfg = Debug-Postgres|Any CPU
		{B9AB16F9-D54D-430E-882D-F2531E969222}.Debug-Postgres|Any CPU.Build.0 = Debug-Postgres|Any CPU
		{B9AB16F9-D54D-430E-882D-F2531E969222}.OTC-Demo|Any CPU.ActiveCfg = Debug|Any CPU
		{B9AB16F9-D54D-430E-882D-F2531E969222}.OTC-Demo|Any CPU.Build.0 = Debug|Any CPU
		{B9AB16F9-D54D-430E-882D-F2531E969222}.OTC-PreProd|Any CPU.ActiveCfg = Debug|Any CPU
		{B9AB16F9-D54D-430E-882D-F2531E969222}.OTC-PreProd|Any CPU.Build.0 = Debug|Any CPU
		{B9AB16F9-D54D-430E-882D-F2531E969222}.OTC-Production|Any CPU.ActiveCfg = Debug|Any CPU
		{B9AB16F9-D54D-430E-882D-F2531E969222}.OTC-Production|Any CPU.Build.0 = Debug|Any CPU
		{B9AB16F9-D54D-430E-882D-F2531E969222}.OTC-Rad|Any CPU.ActiveCfg = Debug|Any CPU
		{B9AB16F9-D54D-430E-882D-F2531E969222}.OTC-Rad|Any CPU.Build.0 = Debug|Any CPU
		{B9AB16F9-D54D-430E-882D-F2531E969222}.OTC-Stable|Any CPU.ActiveCfg = Debug|Any CPU
		{B9AB16F9-D54D-430E-882D-F2531E969222}.OTC-Stable|Any CPU.Build.0 = Debug|Any CPU
		{B9AB16F9-D54D-430E-882D-F2531E969222}.Release|Any CPU.ActiveCfg = Release|Any CPU
		{B9AB16F9-D54D-430E-882D-F2531E969222}.Release|Any CPU.Build.0 = Release|Any CPU
		{B9AB16F9-D54D-430E-882D-F2531E969222}.Release-MosMetro-PostgreSql|Any CPU.ActiveCfg = Release|Any CPU
		{B9AB16F9-D54D-430E-882D-F2531E969222}.Release-MosMetro-PostgreSql|Any CPU.Build.0 = Release|Any CPU
		{B9AB16F9-D54D-430E-882D-F2531E969222}.Release-Postgres|Any CPU.ActiveCfg = Release-Postgres|Any CPU
		{B9AB16F9-D54D-430E-882D-F2531E969222}.Release-Postgres|Any CPU.Build.0 = Release-Postgres|Any CPU
		{E075526F-7546-42B8-BE53-9273848FA165}.Debug|Any CPU.ActiveCfg = Debug|Any CPU
		{E075526F-7546-42B8-BE53-9273848FA165}.Debug|Any CPU.Build.0 = Debug|Any CPU
		{E075526F-7546-42B8-BE53-9273848FA165}.Debug-Postgres|Any CPU.ActiveCfg = Debug-Postgres|Any CPU
		{E075526F-7546-42B8-BE53-9273848FA165}.Debug-Postgres|Any CPU.Build.0 = Debug-Postgres|Any CPU
		{E075526F-7546-42B8-BE53-9273848FA165}.OTC-Demo|Any CPU.ActiveCfg = Debug|Any CPU
		{E075526F-7546-42B8-BE53-9273848FA165}.OTC-Demo|Any CPU.Build.0 = Debug|Any CPU
		{E075526F-7546-42B8-BE53-9273848FA165}.OTC-PreProd|Any CPU.ActiveCfg = Debug|Any CPU
		{E075526F-7546-42B8-BE53-9273848FA165}.OTC-PreProd|Any CPU.Build.0 = Debug|Any CPU
		{E075526F-7546-42B8-BE53-9273848FA165}.OTC-Production|Any CPU.ActiveCfg = Debug|Any CPU
		{E075526F-7546-42B8-BE53-9273848FA165}.OTC-Production|Any CPU.Build.0 = Debug|Any CPU
		{E075526F-7546-42B8-BE53-9273848FA165}.OTC-Rad|Any CPU.ActiveCfg = Debug|Any CPU
		{E075526F-7546-42B8-BE53-9273848FA165}.OTC-Rad|Any CPU.Build.0 = Debug|Any CPU
		{E075526F-7546-42B8-BE53-9273848FA165}.OTC-Stable|Any CPU.ActiveCfg = Debug|Any CPU
		{E075526F-7546-42B8-BE53-9273848FA165}.OTC-Stable|Any CPU.Build.0 = Debug|Any CPU
		{E075526F-7546-42B8-BE53-9273848FA165}.Release|Any CPU.ActiveCfg = Release|Any CPU
		{E075526F-7546-42B8-BE53-9273848FA165}.Release|Any CPU.Build.0 = Release|Any CPU
		{E075526F-7546-42B8-BE53-9273848FA165}.Release-MosMetro-PostgreSql|Any CPU.ActiveCfg = Release|Any CPU
		{E075526F-7546-42B8-BE53-9273848FA165}.Release-MosMetro-PostgreSql|Any CPU.Build.0 = Release|Any CPU
		{E075526F-7546-42B8-BE53-9273848FA165}.Release-Postgres|Any CPU.ActiveCfg = Release-Postgres|Any CPU
		{E075526F-7546-42B8-BE53-9273848FA165}.Release-Postgres|Any CPU.Build.0 = Release-Postgres|Any CPU
		{648970E3-9BB2-4E0E-B727-424CDA18E6AE}.Debug|Any CPU.ActiveCfg = Debug|Any CPU
		{648970E3-9BB2-4E0E-B727-424CDA18E6AE}.Debug|Any CPU.Build.0 = Debug|Any CPU
		{648970E3-9BB2-4E0E-B727-424CDA18E6AE}.Debug-Postgres|Any CPU.ActiveCfg = Debug-Postgres|Any CPU
		{648970E3-9BB2-4E0E-B727-424CDA18E6AE}.Debug-Postgres|Any CPU.Build.0 = Debug-Postgres|Any CPU
		{648970E3-9BB2-4E0E-B727-424CDA18E6AE}.OTC-Demo|Any CPU.ActiveCfg = Debug|Any CPU
		{648970E3-9BB2-4E0E-B727-424CDA18E6AE}.OTC-Demo|Any CPU.Build.0 = Debug|Any CPU
		{648970E3-9BB2-4E0E-B727-424CDA18E6AE}.OTC-PreProd|Any CPU.ActiveCfg = Debug|Any CPU
		{648970E3-9BB2-4E0E-B727-424CDA18E6AE}.OTC-PreProd|Any CPU.Build.0 = Debug|Any CPU
		{648970E3-9BB2-4E0E-B727-424CDA18E6AE}.OTC-Production|Any CPU.ActiveCfg = Debug|Any CPU
		{648970E3-9BB2-4E0E-B727-424CDA18E6AE}.OTC-Production|Any CPU.Build.0 = Debug|Any CPU
		{648970E3-9BB2-4E0E-B727-424CDA18E6AE}.OTC-Rad|Any CPU.ActiveCfg = Debug|Any CPU
		{648970E3-9BB2-4E0E-B727-424CDA18E6AE}.OTC-Rad|Any CPU.Build.0 = Debug|Any CPU
		{648970E3-9BB2-4E0E-B727-424CDA18E6AE}.OTC-Stable|Any CPU.ActiveCfg = Debug|Any CPU
		{648970E3-9BB2-4E0E-B727-424CDA18E6AE}.OTC-Stable|Any CPU.Build.0 = Debug|Any CPU
		{648970E3-9BB2-4E0E-B727-424CDA18E6AE}.Release|Any CPU.ActiveCfg = Release|Any CPU
		{648970E3-9BB2-4E0E-B727-424CDA18E6AE}.Release|Any CPU.Build.0 = Release|Any CPU
		{648970E3-9BB2-4E0E-B727-424CDA18E6AE}.Release-MosMetro-PostgreSql|Any CPU.ActiveCfg = Release-MosMetro-PostgreSql|Any CPU
		{648970E3-9BB2-4E0E-B727-424CDA18E6AE}.Release-MosMetro-PostgreSql|Any CPU.Build.0 = Release-MosMetro-PostgreSql|Any CPU
		{648970E3-9BB2-4E0E-B727-424CDA18E6AE}.Release-Postgres|Any CPU.ActiveCfg = Release-Postgres|Any CPU
		{648970E3-9BB2-4E0E-B727-424CDA18E6AE}.Release-Postgres|Any CPU.Build.0 = Release-Postgres|Any CPU
		{FB4DF515-E625-4916-8D8B-084B34B02193}.Debug|Any CPU.ActiveCfg = Debug|Any CPU
		{FB4DF515-E625-4916-8D8B-084B34B02193}.Debug|Any CPU.Build.0 = Debug|Any CPU
		{FB4DF515-E625-4916-8D8B-084B34B02193}.Debug-Postgres|Any CPU.ActiveCfg = Debug-Postgres|Any CPU
		{FB4DF515-E625-4916-8D8B-084B34B02193}.Debug-Postgres|Any CPU.Build.0 = Debug-Postgres|Any CPU
		{FB4DF515-E625-4916-8D8B-084B34B02193}.OTC-Demo|Any CPU.ActiveCfg = Debug|Any CPU
		{FB4DF515-E625-4916-8D8B-084B34B02193}.OTC-Demo|Any CPU.Build.0 = Debug|Any CPU
		{FB4DF515-E625-4916-8D8B-084B34B02193}.OTC-PreProd|Any CPU.ActiveCfg = Debug|Any CPU
		{FB4DF515-E625-4916-8D8B-084B34B02193}.OTC-PreProd|Any CPU.Build.0 = Debug|Any CPU
		{FB4DF515-E625-4916-8D8B-084B34B02193}.OTC-Production|Any CPU.ActiveCfg = Debug|Any CPU
		{FB4DF515-E625-4916-8D8B-084B34B02193}.OTC-Production|Any CPU.Build.0 = Debug|Any CPU
		{FB4DF515-E625-4916-8D8B-084B34B02193}.OTC-Rad|Any CPU.ActiveCfg = Debug|Any CPU
		{FB4DF515-E625-4916-8D8B-084B34B02193}.OTC-Rad|Any CPU.Build.0 = Debug|Any CPU
		{FB4DF515-E625-4916-8D8B-084B34B02193}.OTC-Stable|Any CPU.ActiveCfg = Debug|Any CPU
		{FB4DF515-E625-4916-8D8B-084B34B02193}.OTC-Stable|Any CPU.Build.0 = Debug|Any CPU
		{FB4DF515-E625-4916-8D8B-084B34B02193}.Release|Any CPU.ActiveCfg = Release|Any CPU
		{FB4DF515-E625-4916-8D8B-084B34B02193}.Release|Any CPU.Build.0 = Release|Any CPU
		{FB4DF515-E625-4916-8D8B-084B34B02193}.Release-MosMetro-PostgreSql|Any CPU.ActiveCfg = Release|Any CPU
		{FB4DF515-E625-4916-8D8B-084B34B02193}.Release-MosMetro-PostgreSql|Any CPU.Build.0 = Release|Any CPU
		{FB4DF515-E625-4916-8D8B-084B34B02193}.Release-Postgres|Any CPU.ActiveCfg = Release-Postgres|Any CPU
		{FB4DF515-E625-4916-8D8B-084B34B02193}.Release-Postgres|Any CPU.Build.0 = Release-Postgres|Any CPU
		{E057CBD9-3F26-498F-B22F-D790BACC2AF7}.Debug|Any CPU.ActiveCfg = Debug|Any CPU
		{E057CBD9-3F26-498F-B22F-D790BACC2AF7}.Debug|Any CPU.Build.0 = Debug|Any CPU
		{E057CBD9-3F26-498F-B22F-D790BACC2AF7}.Debug-Postgres|Any CPU.ActiveCfg = Debug-Postgres|Any CPU
		{E057CBD9-3F26-498F-B22F-D790BACC2AF7}.Debug-Postgres|Any CPU.Build.0 = Debug-Postgres|Any CPU
		{E057CBD9-3F26-498F-B22F-D790BACC2AF7}.OTC-Demo|Any CPU.ActiveCfg = Release|Any CPU
		{E057CBD9-3F26-498F-B22F-D790BACC2AF7}.OTC-Demo|Any CPU.Build.0 = Release|Any CPU
		{E057CBD9-3F26-498F-B22F-D790BACC2AF7}.OTC-PreProd|Any CPU.ActiveCfg = Release|Any CPU
		{E057CBD9-3F26-498F-B22F-D790BACC2AF7}.OTC-PreProd|Any CPU.Build.0 = Release|Any CPU
		{E057CBD9-3F26-498F-B22F-D790BACC2AF7}.OTC-Production|Any CPU.ActiveCfg = Release|Any CPU
		{E057CBD9-3F26-498F-B22F-D790BACC2AF7}.OTC-Production|Any CPU.Build.0 = Release|Any CPU
		{E057CBD9-3F26-498F-B22F-D790BACC2AF7}.OTC-Rad|Any CPU.ActiveCfg = Release|Any CPU
		{E057CBD9-3F26-498F-B22F-D790BACC2AF7}.OTC-Rad|Any CPU.Build.0 = Release|Any CPU
		{E057CBD9-3F26-498F-B22F-D790BACC2AF7}.OTC-Stable|Any CPU.ActiveCfg = Release|Any CPU
		{E057CBD9-3F26-498F-B22F-D790BACC2AF7}.OTC-Stable|Any CPU.Build.0 = Release|Any CPU
		{E057CBD9-3F26-498F-B22F-D790BACC2AF7}.Release|Any CPU.ActiveCfg = Release|Any CPU
		{E057CBD9-3F26-498F-B22F-D790BACC2AF7}.Release|Any CPU.Build.0 = Release|Any CPU
		{E057CBD9-3F26-498F-B22F-D790BACC2AF7}.Release-MosMetro-PostgreSql|Any CPU.ActiveCfg = Release|Any CPU
		{E057CBD9-3F26-498F-B22F-D790BACC2AF7}.Release-MosMetro-PostgreSql|Any CPU.Build.0 = Release|Any CPU
		{E057CBD9-3F26-498F-B22F-D790BACC2AF7}.Release-Postgres|Any CPU.ActiveCfg = Release-Postgres|Any CPU
		{E057CBD9-3F26-498F-B22F-D790BACC2AF7}.Release-Postgres|Any CPU.Build.0 = Release-Postgres|Any CPU
		{95358A48-A71C-4EA5-819A-B77B408FFBA9}.Debug|Any CPU.ActiveCfg = Debug|Any CPU
		{95358A48-A71C-4EA5-819A-B77B408FFBA9}.Debug|Any CPU.Build.0 = Debug|Any CPU
		{95358A48-A71C-4EA5-819A-B77B408FFBA9}.Debug-Postgres|Any CPU.ActiveCfg = Debug-Postgres|Any CPU
		{95358A48-A71C-4EA5-819A-B77B408FFBA9}.Debug-Postgres|Any CPU.Build.0 = Debug-Postgres|Any CPU
		{95358A48-A71C-4EA5-819A-B77B408FFBA9}.OTC-Demo|Any CPU.ActiveCfg = Release|Any CPU
		{95358A48-A71C-4EA5-819A-B77B408FFBA9}.OTC-Demo|Any CPU.Build.0 = Release|Any CPU
		{95358A48-A71C-4EA5-819A-B77B408FFBA9}.OTC-PreProd|Any CPU.ActiveCfg = Release|Any CPU
		{95358A48-A71C-4EA5-819A-B77B408FFBA9}.OTC-PreProd|Any CPU.Build.0 = Release|Any CPU
		{95358A48-A71C-4EA5-819A-B77B408FFBA9}.OTC-Production|Any CPU.ActiveCfg = Release|Any CPU
		{95358A48-A71C-4EA5-819A-B77B408FFBA9}.OTC-Production|Any CPU.Build.0 = Release|Any CPU
		{95358A48-A71C-4EA5-819A-B77B408FFBA9}.OTC-Rad|Any CPU.ActiveCfg = Release|Any CPU
		{95358A48-A71C-4EA5-819A-B77B408FFBA9}.OTC-Rad|Any CPU.Build.0 = Release|Any CPU
		{95358A48-A71C-4EA5-819A-B77B408FFBA9}.OTC-Stable|Any CPU.ActiveCfg = Release|Any CPU
		{95358A48-A71C-4EA5-819A-B77B408FFBA9}.OTC-Stable|Any CPU.Build.0 = Release|Any CPU
		{95358A48-A71C-4EA5-819A-B77B408FFBA9}.Release|Any CPU.ActiveCfg = Release|Any CPU
		{95358A48-A71C-4EA5-819A-B77B408FFBA9}.Release|Any CPU.Build.0 = Release|Any CPU
		{95358A48-A71C-4EA5-819A-B77B408FFBA9}.Release-MosMetro-PostgreSql|Any CPU.ActiveCfg = Release|Any CPU
		{95358A48-A71C-4EA5-819A-B77B408FFBA9}.Release-MosMetro-PostgreSql|Any CPU.Build.0 = Release|Any CPU
		{95358A48-A71C-4EA5-819A-B77B408FFBA9}.Release-Postgres|Any CPU.ActiveCfg = Release-Postgres|Any CPU
		{95358A48-A71C-4EA5-819A-B77B408FFBA9}.Release-Postgres|Any CPU.Build.0 = Release-Postgres|Any CPU
		{AEEAABF2-F060-4618-842C-29D1B721C7B7}.Debug|Any CPU.ActiveCfg = Debug|Any CPU
		{AEEAABF2-F060-4618-842C-29D1B721C7B7}.Debug|Any CPU.Build.0 = Debug|Any CPU
		{AEEAABF2-F060-4618-842C-29D1B721C7B7}.Debug-Postgres|Any CPU.ActiveCfg = Debug-Postgres|Any CPU
		{AEEAABF2-F060-4618-842C-29D1B721C7B7}.Debug-Postgres|Any CPU.Build.0 = Debug-Postgres|Any CPU
		{AEEAABF2-F060-4618-842C-29D1B721C7B7}.OTC-Demo|Any CPU.ActiveCfg = Debug|Any CPU
		{AEEAABF2-F060-4618-842C-29D1B721C7B7}.OTC-Demo|Any CPU.Build.0 = Debug|Any CPU
		{AEEAABF2-F060-4618-842C-29D1B721C7B7}.OTC-PreProd|Any CPU.ActiveCfg = Debug|Any CPU
		{AEEAABF2-F060-4618-842C-29D1B721C7B7}.OTC-PreProd|Any CPU.Build.0 = Debug|Any CPU
		{AEEAABF2-F060-4618-842C-29D1B721C7B7}.OTC-Production|Any CPU.ActiveCfg = Debug|Any CPU
		{AEEAABF2-F060-4618-842C-29D1B721C7B7}.OTC-Production|Any CPU.Build.0 = Debug|Any CPU
		{AEEAABF2-F060-4618-842C-29D1B721C7B7}.OTC-Rad|Any CPU.ActiveCfg = Debug|Any CPU
		{AEEAABF2-F060-4618-842C-29D1B721C7B7}.OTC-Rad|Any CPU.Build.0 = Debug|Any CPU
		{AEEAABF2-F060-4618-842C-29D1B721C7B7}.OTC-Stable|Any CPU.ActiveCfg = Debug|Any CPU
		{AEEAABF2-F060-4618-842C-29D1B721C7B7}.OTC-Stable|Any CPU.Build.0 = Debug|Any CPU
		{AEEAABF2-F060-4618-842C-29D1B721C7B7}.Release|Any CPU.ActiveCfg = Release|Any CPU
		{AEEAABF2-F060-4618-842C-29D1B721C7B7}.Release|Any CPU.Build.0 = Release|Any CPU
		{AEEAABF2-F060-4618-842C-29D1B721C7B7}.Release-MosMetro-PostgreSql|Any CPU.ActiveCfg = Debug|Any CPU
		{AEEAABF2-F060-4618-842C-29D1B721C7B7}.Release-MosMetro-PostgreSql|Any CPU.Build.0 = Debug|Any CPU
		{AEEAABF2-F060-4618-842C-29D1B721C7B7}.Release-Postgres|Any CPU.ActiveCfg = Release-Postgres|Any CPU
		{AEEAABF2-F060-4618-842C-29D1B721C7B7}.Release-Postgres|Any CPU.Build.0 = Release-Postgres|Any CPU
		{FD94EBBD-9CAA-47E0-9186-D88DC71EE859}.Debug|Any CPU.ActiveCfg = Debug|Any CPU
		{FD94EBBD-9CAA-47E0-9186-D88DC71EE859}.Debug|Any CPU.Build.0 = Debug|Any CPU
		{FD94EBBD-9CAA-47E0-9186-D88DC71EE859}.Debug-Postgres|Any CPU.ActiveCfg = Debug|Any CPU
		{FD94EBBD-9CAA-47E0-9186-D88DC71EE859}.Debug-Postgres|Any CPU.Build.0 = Debug|Any CPU
		{FD94EBBD-9CAA-47E0-9186-D88DC71EE859}.OTC-Demo|Any CPU.ActiveCfg = Debug|Any CPU
		{FD94EBBD-9CAA-47E0-9186-D88DC71EE859}.OTC-Demo|Any CPU.Build.0 = Debug|Any CPU
		{FD94EBBD-9CAA-47E0-9186-D88DC71EE859}.OTC-PreProd|Any CPU.ActiveCfg = Debug|Any CPU
		{FD94EBBD-9CAA-47E0-9186-D88DC71EE859}.OTC-PreProd|Any CPU.Build.0 = Debug|Any CPU
		{FD94EBBD-9CAA-47E0-9186-D88DC71EE859}.OTC-Production|Any CPU.ActiveCfg = Debug|Any CPU
		{FD94EBBD-9CAA-47E0-9186-D88DC71EE859}.OTC-Production|Any CPU.Build.0 = Debug|Any CPU
		{FD94EBBD-9CAA-47E0-9186-D88DC71EE859}.OTC-Rad|Any CPU.ActiveCfg = Debug|Any CPU
		{FD94EBBD-9CAA-47E0-9186-D88DC71EE859}.OTC-Rad|Any CPU.Build.0 = Debug|Any CPU
		{FD94EBBD-9CAA-47E0-9186-D88DC71EE859}.OTC-Stable|Any CPU.ActiveCfg = Debug|Any CPU
		{FD94EBBD-9CAA-47E0-9186-D88DC71EE859}.OTC-Stable|Any CPU.Build.0 = Debug|Any CPU
		{FD94EBBD-9CAA-47E0-9186-D88DC71EE859}.Release|Any CPU.ActiveCfg = Release|Any CPU
		{FD94EBBD-9CAA-47E0-9186-D88DC71EE859}.Release|Any CPU.Build.0 = Release|Any CPU
		{FD94EBBD-9CAA-47E0-9186-D88DC71EE859}.Release-MosMetro-PostgreSql|Any CPU.ActiveCfg = Release|Any CPU
		{FD94EBBD-9CAA-47E0-9186-D88DC71EE859}.Release-MosMetro-PostgreSql|Any CPU.Build.0 = Release|Any CPU
		{FD94EBBD-9CAA-47E0-9186-D88DC71EE859}.Release-Postgres|Any CPU.ActiveCfg = Release|Any CPU
		{FD94EBBD-9CAA-47E0-9186-D88DC71EE859}.Release-Postgres|Any CPU.Build.0 = Release|Any CPU
		{B28A8A33-4306-46D4-B8D2-5867E8DA2FE9}.Debug|Any CPU.ActiveCfg = Debug|Any CPU
		{B28A8A33-4306-46D4-B8D2-5867E8DA2FE9}.Debug|Any CPU.Build.0 = Debug|Any CPU
		{B28A8A33-4306-46D4-B8D2-5867E8DA2FE9}.Debug-Postgres|Any CPU.ActiveCfg = Debug|Any CPU
		{B28A8A33-4306-46D4-B8D2-5867E8DA2FE9}.Debug-Postgres|Any CPU.Build.0 = Debug|Any CPU
		{B28A8A33-4306-46D4-B8D2-5867E8DA2FE9}.OTC-Demo|Any CPU.ActiveCfg = Debug|Any CPU
		{B28A8A33-4306-46D4-B8D2-5867E8DA2FE9}.OTC-Demo|Any CPU.Build.0 = Debug|Any CPU
		{B28A8A33-4306-46D4-B8D2-5867E8DA2FE9}.OTC-PreProd|Any CPU.ActiveCfg = Debug|Any CPU
		{B28A8A33-4306-46D4-B8D2-5867E8DA2FE9}.OTC-PreProd|Any CPU.Build.0 = Debug|Any CPU
		{B28A8A33-4306-46D4-B8D2-5867E8DA2FE9}.OTC-Production|Any CPU.ActiveCfg = Debug|Any CPU
		{B28A8A33-4306-46D4-B8D2-5867E8DA2FE9}.OTC-Production|Any CPU.Build.0 = Debug|Any CPU
		{B28A8A33-4306-46D4-B8D2-5867E8DA2FE9}.OTC-Rad|Any CPU.ActiveCfg = Debug|Any CPU
		{B28A8A33-4306-46D4-B8D2-5867E8DA2FE9}.OTC-Rad|Any CPU.Build.0 = Debug|Any CPU
		{B28A8A33-4306-46D4-B8D2-5867E8DA2FE9}.OTC-Stable|Any CPU.ActiveCfg = Debug|Any CPU
		{B28A8A33-4306-46D4-B8D2-5867E8DA2FE9}.OTC-Stable|Any CPU.Build.0 = Debug|Any CPU
		{B28A8A33-4306-46D4-B8D2-5867E8DA2FE9}.Release|Any CPU.ActiveCfg = Release|Any CPU
		{B28A8A33-4306-46D4-B8D2-5867E8DA2FE9}.Release|Any CPU.Build.0 = Release|Any CPU
		{B28A8A33-4306-46D4-B8D2-5867E8DA2FE9}.Release-MosMetro-PostgreSql|Any CPU.ActiveCfg = Release|Any CPU
		{B28A8A33-4306-46D4-B8D2-5867E8DA2FE9}.Release-MosMetro-PostgreSql|Any CPU.Build.0 = Release|Any CPU
		{B28A8A33-4306-46D4-B8D2-5867E8DA2FE9}.Release-Postgres|Any CPU.ActiveCfg = Release|Any CPU
		{B28A8A33-4306-46D4-B8D2-5867E8DA2FE9}.Release-Postgres|Any CPU.Build.0 = Release|Any CPU
	EndGlobalSection
	GlobalSection(SolutionProperties) = preSolution
		HideSolutionNode = FALSE
	EndGlobalSection
	GlobalSection(NestedProjects) = preSolution
		{1880CD30-7060-4CEC-B245-1BD066A14834} = {5041117D-8BF5-4128-8767-9015F7312764}
		{A8CCADCD-3E46-4D4B-96F1-837F988239D4} = {5041117D-8BF5-4128-8767-9015F7312764}
		{B64769A5-741A-44A8-9402-E3873D1016C9} = {84D46C21-44AF-4C01-9F50-49CADC1D97F9}
		{4CDB962F-BE34-4015-8FC4-BE36240341E9} = {5041117D-8BF5-4128-8767-9015F7312764}
		{4A5A0F85-8F01-4521-850C-00078308DB48} = {5041117D-8BF5-4128-8767-9015F7312764}
		{5232558D-44D5-42E0-8D03-5C7F798CD698} = {5041117D-8BF5-4128-8767-9015F7312764}
		{4D3A9CB8-3D5F-4A4E-BD83-74DABDCD4229} = {5041117D-8BF5-4128-8767-9015F7312764}
		{B9AB16F9-D54D-430E-882D-F2531E969222} = {5041117D-8BF5-4128-8767-9015F7312764}
		{648970E3-9BB2-4E0E-B727-424CDA18E6AE} = {5041117D-8BF5-4128-8767-9015F7312764}
	EndGlobalSection
	GlobalSection(ExtensibilityGlobals) = postSolution
		SolutionGuid = {55A0532F-4D3D-4B96-9E59-F9CC2C98ECDD}
	EndGlobalSection
EndGlobal
